// !$*UTF8*$!
{
	archiveVersion = 1;
	classes = {
	};
	objectVersion = 56;
	objects = {

/* Begin PBXBuildFile section */
		100000000000000000000001 /* DrashApp.swift in Sources */ = {isa = PBXBuildFile; fileRef = 200000000000000000000001 /* DrashApp.swift */; };
		100000000000000000000002 /* Models/WeatherModels.swift in Sources */ = {isa = PBXBuildFile; fileRef = 200000000000000000000002 /* Models/WeatherModels.swift */; };
		100000000000000000000003 /* Models/NWSResponses.swift in Sources */ = {isa = PBXBuildFile; fileRef = 200000000000000000000003 /* Models/NWSResponses.swift */; };
		100000000000000000000004 /* Services/NWSClient.swift in Sources */ = {isa = PBXBuildFile; fileRef = 200000000000000000000004 /* Services/NWSClient.swift */; };
		100000000000000000000005 /* Services/LocationManager.swift in Sources */ = {isa = PBXBuildFile; fileRef = 200000000000000000000005 /* Services/LocationManager.swift */; };
		100000000000000000000006 /* Services/PlaceSearchService.swift in Sources */ = {isa = PBXBuildFile; fileRef = 200000000000000000000006 /* Services/PlaceSearchService.swift */; };
		100000000000000000000007 /* Services/SnapshotStore.swift in Sources */ = {isa = PBXBuildFile; fileRef = 200000000000000000000007 /* Services/SnapshotStore.swift */; };
		100000000000000000000008 /* ViewModels/WeatherViewModel.swift in Sources */ = {isa = PBXBuildFile; fileRef = 200000000000000000000008 /* ViewModels/WeatherViewModel.swift */; };
		100000000000000000000009 /* SupportingFiles/WeatherPresentation.swift in Sources */ = {isa = PBXBuildFile; fileRef = 200000000000000000000009 /* SupportingFiles/WeatherPresentation.swift */; };
		10000000000000000000000A /* Views/RootView.swift in Sources */ = {isa = PBXBuildFile; fileRef = 20000000000000000000000A /* Views/RootView.swift */; };
		10000000000000000000000B /* Views/ForecastView.swift in Sources */ = {isa = PBXBuildFile; fileRef = 20000000000000000000000B /* Views/ForecastView.swift */; };
		10000000000000000000000C /* Views/PlacesView.swift in Sources */ = {isa = PBXBuildFile; fileRef = 20000000000000000000000C /* Views/PlacesView.swift */; };
		10000000000000000000000D /* Views/RadarView.swift in Sources */ = {isa = PBXBuildFile; fileRef = 20000000000000000000000D /* Views/RadarView.swift */; };
		10000000000000000000000E /* Views/AlertDetailView.swift in Sources */ = {isa = PBXBuildFile; fileRef = 20000000000000000000000E /* Views/AlertDetailView.swift */; };
		10000000000000000000000F /* Views/SettingsView.swift in Sources */ = {isa = PBXBuildFile; fileRef = 20000000000000000000000F /* Views/SettingsView.swift */; };
		100000000000000000000010 /* DrashUITests.swift in Sources */ = {isa = PBXBuildFile; fileRef = 200000000000000000000012 /* DrashUITests.swift */; };
		100000000000000000000011 /* Assets.xcassets in Resources */ = {isa = PBXBuildFile; fileRef = 200000000000000000000014 /* Assets.xcassets */; };
		100000000000000000000012 /* Services/HRRRClient.swift in Sources */ = {isa = PBXBuildFile; fileRef = 200000000000000000000015 /* Services/HRRRClient.swift */; };
		100000000000000000000014 /* Services/OutdoorCatalogStore.swift in Sources */ = {isa = PBXBuildFile; fileRef = 200000000000000000000017 /* Services/OutdoorCatalogStore.swift */; };
		100000000000000000000015 /* outdoor-places.sqlite in Resources */ = {isa = PBXBuildFile; fileRef = 200000000000000000000018 /* outdoor-places.sqlite */; };
		100000000000000000000016 /* WidgetWeatherData.swift in Sources */ = {isa = PBXBuildFile; fileRef = 200000000000000000000019 /* WidgetWeatherData.swift */; };
		100000000000000000000017 /* DrashWidget.swift in Sources */ = {isa = PBXBuildFile; fileRef = 20000000000000000000001A /* DrashWidget.swift */; };
		100000000000000000000018 /* WidgetWeatherData.swift in Sources */ = {isa = PBXBuildFile; fileRef = 200000000000000000000019 /* WidgetWeatherData.swift */; };
		100000000000000000000019 /* DrashWidget.appex in Embed Foundation Extensions */ = {isa = PBXBuildFile; fileRef = 20000000000000000000001E /* DrashWidget.appex */; settings = {ATTRIBUTES = (RemoveHeadersOnCopy, ); }; };
		10000000000000000000001A /* Services/SavedPlacesStore.swift in Sources */ = {isa = PBXBuildFile; fileRef = 20000000000000000000001F /* Services/SavedPlacesStore.swift */; };
/* End PBXBuildFile section */

/* Begin PBXContainerItemProxy section */
		900000000000000000000001 /* PBXContainerItemProxy */ = {
			isa = PBXContainerItemProxy;
			containerPortal = 700000000000000000000001 /* Project object */;
			proxyType = 1;
			remoteGlobalIDString = 500000000000000000000001;
			remoteInfo = Drash;
		};
		900000000000000000000002 /* PBXContainerItemProxy */ = {
			isa = PBXContainerItemProxy;
			containerPortal = 700000000000000000000001 /* Project object */;
			proxyType = 1;
			remoteGlobalIDString = 500000000000000000000003;
			remoteInfo = DrashWidget;
		};
/* End PBXContainerItemProxy section */

/* Begin PBXCopyFilesBuildPhase section */
		300000000000000000000008 /* Embed Foundation Extensions */ = {
			isa = PBXCopyFilesBuildPhase;
			buildActionMask = 2147483647;
			dstPath = "";
			dstSubfolderSpec = 13;
			files = (
				100000000000000000000019 /* DrashWidget.appex in Embed Foundation Extensions */,
			);
			name = "Embed Foundation Extensions";
			runOnlyForDeploymentPostprocessing = 0;
		};
/* End PBXCopyFilesBuildPhase section */

/* Begin PBXFileReference section */
		200000000000000000000001 /* DrashApp.swift */ = {isa = PBXFileReference; lastKnownFileType = sourcecode.swift; path = DrashApp.swift; sourceTree = "<group>"; };
		200000000000000000000002 /* Models/WeatherModels.swift */ = {isa = PBXFileReference; lastKnownFileType = sourcecode.swift; path = Models/WeatherModels.swift; sourceTree = "<group>"; };
		200000000000000000000003 /* Models/NWSResponses.swift */ = {isa = PBXFileReference; lastKnownFileType = sourcecode.swift; path = Models/NWSResponses.swift; sourceTree = "<group>"; };
		200000000000000000000004 /* Services/NWSClient.swift */ = {isa = PBXFileReference; lastKnownFileType = sourcecode.swift; path = Services/NWSClient.swift; sourceTree = "<group>"; };
		200000000000000000000005 /* Services/LocationManager.swift */ = {isa = PBXFileReference; lastKnownFileType = sourcecode.swift; path = Services/LocationManager.swift; sourceTree = "<group>"; };
		200000000000000000000006 /* Services/PlaceSearchService.swift */ = {isa = PBXFileReference; lastKnownFileType = sourcecode.swift; path = Services/PlaceSearchService.swift; sourceTree = "<group>"; };
		200000000000000000000007 /* Services/SnapshotStore.swift */ = {isa = PBXFileReference; lastKnownFileType = sourcecode.swift; path = Services/SnapshotStore.swift; sourceTree = "<group>"; };
		200000000000000000000008 /* ViewModels/WeatherViewModel.swift */ = {isa = PBXFileReference; lastKnownFileType = sourcecode.swift; path = ViewModels/WeatherViewModel.swift; sourceTree = "<group>"; };
		200000000000000000000009 /* SupportingFiles/WeatherPresentation.swift */ = {isa = PBXFileReference; lastKnownFileType = sourcecode.swift; path = SupportingFiles/WeatherPresentation.swift; sourceTree = "<group>"; };
		20000000000000000000000A /* Views/RootView.swift */ = {isa = PBXFileReference; lastKnownFileType = sourcecode.swift; path = Views/RootView.swift; sourceTree = "<group>"; };
		20000000000000000000000B /* Views/ForecastView.swift */ = {isa = PBXFileReference; lastKnownFileType = sourcecode.swift; path = Views/ForecastView.swift; sourceTree = "<group>"; };
		20000000000000000000000C /* Views/PlacesView.swift */ = {isa = PBXFileReference; lastKnownFileType = sourcecode.swift; path = Views/PlacesView.swift; sourceTree = "<group>"; };
		20000000000000000000000D /* Views/RadarView.swift */ = {isa = PBXFileReference; lastKnownFileType = sourcecode.swift; path = Views/RadarView.swift; sourceTree = "<group>"; };
		20000000000000000000000E /* Views/AlertDetailView.swift */ = {isa = PBXFileReference; lastKnownFileType = sourcecode.swift; path = Views/AlertDetailView.swift; sourceTree = "<group>"; };
		20000000000000000000000F /* Views/SettingsView.swift */ = {isa = PBXFileReference; lastKnownFileType = sourcecode.swift; path = Views/SettingsView.swift; sourceTree = "<group>"; };
		200000000000000000000010 /* Info.plist */ = {isa = PBXFileReference; lastKnownFileType = text.plist.xml; path = Info.plist; sourceTree = "<group>"; };
		200000000000000000000011 /* Drash.app */ = {isa = PBXFileReference; explicitFileType = wrapper.application; includeInIndex = 0; path = Drash.app; sourceTree = BUILT_PRODUCTS_DIR; };
		200000000000000000000012 /* DrashUITests.swift */ = {isa = PBXFileReference; lastKnownFileType = sourcecode.swift; path = DrashUITests.swift; sourceTree = "<group>"; };
		200000000000000000000013 /* DrashUITests.xctest */ = {isa = PBXFileReference; explicitFileType = wrapper.cfbundle; includeInIndex = 0; path = DrashUITests.xctest; sourceTree = BUILT_PRODUCTS_DIR; };
		200000000000000000000014 /* Assets.xcassets */ = {isa = PBXFileReference; lastKnownFileType = folder.assetcatalog; path = Assets.xcassets; sourceTree = "<group>"; };
		200000000000000000000015 /* Services/HRRRClient.swift */ = {isa = PBXFileReference; lastKnownFileType = sourcecode.swift; path = Services/HRRRClient.swift; sourceTree = "<group>"; };
		200000000000000000000017 /* Services/OutdoorCatalogStore.swift */ = {isa = PBXFileReference; lastKnownFileType = sourcecode.swift; path = Services/OutdoorCatalogStore.swift; sourceTree = "<group>"; };
		200000000000000000000018 /* outdoor-places.sqlite */ = {isa = PBXFileReference; lastKnownFileType = file; path = Resources/outdoor-places.sqlite; sourceTree = "<group>"; };
		200000000000000000000019 /* WidgetWeatherData.swift */ = {isa = PBXFileReference; lastKnownFileType = sourcecode.swift; path = WidgetWeatherData.swift; sourceTree = "<group>"; };
		20000000000000000000001A /* DrashWidget.swift */ = {isa = PBXFileReference; lastKnownFileType = sourcecode.swift; path = DrashWidget.swift; sourceTree = "<group>"; };
		20000000000000000000001B /* Info.plist */ = {isa = PBXFileReference; lastKnownFileType = text.plist.xml; path = Info.plist; sourceTree = "<group>"; };
		20000000000000000000001C /* DrashWidget.entitlements */ = {isa = PBXFileReference; lastKnownFileType = text.plist.entitlements; path = DrashWidget.entitlements; sourceTree = "<group>"; };
		20000000000000000000001D /* Drash.entitlements */ = {isa = PBXFileReference; lastKnownFileType = text.plist.entitlements; path = Drash.entitlements; sourceTree = "<group>"; };
		20000000000000000000001E /* DrashWidget.appex */ = {isa = PBXFileReference; explicitFileType = "wrapper.app-extension"; includeInIndex = 0; path = DrashWidget.appex; sourceTree = BUILT_PRODUCTS_DIR; };
		20000000000000000000001F /* Services/SavedPlacesStore.swift */ = {isa = PBXFileReference; lastKnownFileType = sourcecode.swift; path = Services/SavedPlacesStore.swift; sourceTree = "<group>"; };
		200000000000000000000020 /* DrashCloud.entitlements */ = {isa = PBXFileReference; lastKnownFileType = text.plist.entitlements; path = DrashCloud.entitlements; sourceTree = "<group>"; };
/* End PBXFileReference section */

/* Begin PBXFrameworksBuildPhase section */
		300000000000000000000001 /* Frameworks */ = {
			isa = PBXFrameworksBuildPhase;
			buildActionMask = 2147483647;
			files = (
			);
			runOnlyForDeploymentPostprocessing = 0;
		};
		300000000000000000000004 /* Frameworks */ = {
			isa = PBXFrameworksBuildPhase;
			buildActionMask = 2147483647;
			files = (
			);
			runOnlyForDeploymentPostprocessing = 0;
		};
		300000000000000000000007 /* Frameworks */ = {
			isa = PBXFrameworksBuildPhase;
			buildActionMask = 2147483647;
			files = (
			);
			runOnlyForDeploymentPostprocessing = 0;
		};
/* End PBXFrameworksBuildPhase section */

/* Begin PBXGroup section */
		400000000000000000000001 = {
			isa = PBXGroup;
			children = (
				400000000000000000000002 /* Drash */,
				400000000000000000000005 /* Shared */,
				400000000000000000000006 /* DrashWidget */,
				400000000000000000000004 /* DrashUITests */,
				400000000000000000000003 /* Products */,
			);
			sourceTree = "<group>";
		};
		400000000000000000000002 /* Drash */ = {
			isa = PBXGroup;
			children = (
				200000000000000000000001 /* DrashApp.swift */,
				200000000000000000000002 /* Models/WeatherModels.swift */,
				200000000000000000000003 /* Models/NWSResponses.swift */,
				200000000000000000000004 /* Services/NWSClient.swift */,
				200000000000000000000015 /* Services/HRRRClient.swift */,
				200000000000000000000017 /* Services/OutdoorCatalogStore.swift */,
				200000000000000000000005 /* Services/LocationManager.swift */,
				200000000000000000000006 /* Services/PlaceSearchService.swift */,
				200000000000000000000007 /* Services/SnapshotStore.swift */,
				20000000000000000000001F /* Services/SavedPlacesStore.swift */,
				200000000000000000000008 /* ViewModels/WeatherViewModel.swift */,
				200000000000000000000009 /* SupportingFiles/WeatherPresentation.swift */,
				20000000000000000000000A /* Views/RootView.swift */,
				20000000000000000000000B /* Views/ForecastView.swift */,
				20000000000000000000000C /* Views/PlacesView.swift */,
				20000000000000000000000D /* Views/RadarView.swift */,
				20000000000000000000000E /* Views/AlertDetailView.swift */,
				20000000000000000000000F /* Views/SettingsView.swift */,
				200000000000000000000014 /* Assets.xcassets */,
				200000000000000000000018 /* outdoor-places.sqlite */,
				200000000000000000000010 /* Info.plist */,
				20000000000000000000001D /* Drash.entitlements */,
				200000000000000000000020 /* DrashCloud.entitlements */,
			);
			path = Drash;
			sourceTree = "<group>";
		};
		400000000000000000000003 /* Products */ = {
			isa = PBXGroup;
			children = (
				200000000000000000000011 /* Drash.app */,
				200000000000000000000013 /* DrashUITests.xctest */,
				20000000000000000000001E /* DrashWidget.appex */,
			);
			name = Products;
			sourceTree = "<group>";
		};
		400000000000000000000004 /* DrashUITests */ = {
			isa = PBXGroup;
			children = (
				200000000000000000000012 /* DrashUITests.swift */,
			);
			path = DrashUITests;
			sourceTree = "<group>";
		};
		400000000000000000000005 /* Shared */ = {
			isa = PBXGroup;
			children = (
				200000000000000000000019 /* WidgetWeatherData.swift */,
			);
			path = Shared;
			sourceTree = "<group>";
		};
		400000000000000000000006 /* DrashWidget */ = {
			isa = PBXGroup;
			children = (
				20000000000000000000001A /* DrashWidget.swift */,
				20000000000000000000001B /* Info.plist */,
				20000000000000000000001C /* DrashWidget.entitlements */,
			);
			path = DrashWidget;
			sourceTree = "<group>";
		};
/* End PBXGroup section */

/* Begin PBXNativeTarget section */
		500000000000000000000001 /* Drash */ = {
			isa = PBXNativeTarget;
			buildConfigurationList = 600000000000000000000002 /* Build configuration list for PBXNativeTarget "Drash" */;
			buildPhases = (
				300000000000000000000003 /* Sources */,
				300000000000000000000001 /* Frameworks */,
				300000000000000000000002 /* Resources */,
				300000000000000000000008 /* Embed Foundation Extensions */,
			);
			buildRules = (
			);
			dependencies = (
				A00000000000000000000002 /* PBXTargetDependency */,
			);
			name = Drash;
			productName = Drash;
			productReference = 200000000000000000000011 /* Drash.app */;
			productType = "com.apple.product-type.application";
		};
		500000000000000000000002 /* DrashUITests */ = {
			isa = PBXNativeTarget;
			buildConfigurationList = 600000000000000000000003 /* Build configuration list for PBXNativeTarget "DrashUITests" */;
			buildPhases = (
				300000000000000000000006 /* Sources */,
				300000000000000000000004 /* Frameworks */,
				300000000000000000000005 /* Resources */,
			);
			buildRules = (
			);
			dependencies = (
				A00000000000000000000001 /* PBXTargetDependency */,
			);
			name = DrashUITests;
			productName = DrashUITests;
			productReference = 200000000000000000000013 /* DrashUITests.xctest */;
			productType = "com.apple.product-type.bundle.ui-testing";
		};
		500000000000000000000003 /* DrashWidget */ = {
			isa = PBXNativeTarget;
			buildConfigurationList = 600000000000000000000004 /* Build configuration list for PBXNativeTarget "DrashWidget" */;
			buildPhases = (
				30000000000000000000000A /* Sources */,
				300000000000000000000007 /* Frameworks */,
				300000000000000000000009 /* Resources */,
			);
			buildRules = (
			);
			dependencies = (
			);
			name = DrashWidget;
			productName = DrashWidget;
			productReference = 20000000000000000000001E /* DrashWidget.appex */;
			productType = "com.apple.product-type.app-extension";
		};
/* End PBXNativeTarget section */

/* Begin PBXProject section */
		700000000000000000000001 /* Project object */ = {
			isa = PBXProject;
			attributes = {
				BuildIndependentTargetsInParallel = 1;
				LastSwiftUpdateCheck = 1600;
				LastUpgradeCheck = 1600;
				TargetAttributes = {
					500000000000000000000001 = {
						CreatedOnToolsVersion = 16.0;
						SystemCapabilities = {
							com.apple.ApplicationGroups.iOS = {
								enabled = 1;
							};
							com.apple.BackgroundModes = {
								enabled = 1;
							};
							com.apple.iCloud = {
								enabled = 1;
							};
						};
					};
					500000000000000000000002 = {
						CreatedOnToolsVersion = 26.0;
						TestTargetID = 500000000000000000000001;
					};
					500000000000000000000003 = {
						CreatedOnToolsVersion = 16.0;
						SystemCapabilities = {
							com.apple.ApplicationGroups.iOS = {
								enabled = 1;
							};
						};
					};
				};
			};
			buildConfigurationList = 600000000000000000000001 /* Build configuration list for PBXProject "Drash" */;
			compatibilityVersion = "Xcode 14.0";
			developmentRegion = en;
			hasScannedForEncodings = 0;
			knownRegions = (
				en,
				Base,
			);
			mainGroup = 400000000000000000000001;
			productRefGroup = 400000000000000000000003 /* Products */;
			projectDirPath = "";
			projectRoot = "";
			targets = (
				500000000000000000000001 /* Drash */,
				500000000000000000000002 /* DrashUITests */,
				500000000000000000000003 /* DrashWidget */,
			);
		};
/* End PBXProject section */

/* Begin PBXResourcesBuildPhase section */
		300000000000000000000002 /* Resources */ = {
			isa = PBXResourcesBuildPhase;
			buildActionMask = 2147483647;
			files = (
				100000000000000000000011 /* Assets.xcassets in Resources */,
				100000000000000000000015 /* outdoor-places.sqlite in Resources */,
			);
			runOnlyForDeploymentPostprocessing = 0;
		};
		300000000000000000000005 /* Resources */ = {
			isa = PBXResourcesBuildPhase;
			buildActionMask = 2147483647;
			files = (
			);
			runOnlyForDeploymentPostprocessing = 0;
		};
		300000000000000000000009 /* Resources */ = {
			isa = PBXResourcesBuildPhase;
			buildActionMask = 2147483647;
			files = (
			);
			runOnlyForDeploymentPostprocessing = 0;
		};
/* End PBXResourcesBuildPhase section */

/* Begin PBXSourcesBuildPhase section */
		300000000000000000000003 /* Sources */ = {
			isa = PBXSourcesBuildPhase;
			buildActionMask = 2147483647;
			files = (
				100000000000000000000001 /* DrashApp.swift in Sources */,
				100000000000000000000002 /* Models/WeatherModels.swift in Sources */,
				100000000000000000000003 /* Models/NWSResponses.swift in Sources */,
				100000000000000000000004 /* Services/NWSClient.swift in Sources */,
				100000000000000000000012 /* Services/HRRRClient.swift in Sources */,
				100000000000000000000014 /* Services/OutdoorCatalogStore.swift in Sources */,
				100000000000000000000005 /* Services/LocationManager.swift in Sources */,
				100000000000000000000006 /* Services/PlaceSearchService.swift in Sources */,
				100000000000000000000007 /* Services/SnapshotStore.swift in Sources */,
				10000000000000000000001A /* Services/SavedPlacesStore.swift in Sources */,
				100000000000000000000008 /* ViewModels/WeatherViewModel.swift in Sources */,
				100000000000000000000009 /* SupportingFiles/WeatherPresentation.swift in Sources */,
				10000000000000000000000A /* Views/RootView.swift in Sources */,
				10000000000000000000000B /* Views/ForecastView.swift in Sources */,
				10000000000000000000000C /* Views/PlacesView.swift in Sources */,
				10000000000000000000000D /* Views/RadarView.swift in Sources */,
				10000000000000000000000E /* Views/AlertDetailView.swift in Sources */,
				10000000000000000000000F /* Views/SettingsView.swift in Sources */,
				100000000000000000000016 /* WidgetWeatherData.swift in Sources */,
			);
			runOnlyForDeploymentPostprocessing = 0;
		};
		300000000000000000000006 /* Sources */ = {
			isa = PBXSourcesBuildPhase;
			buildActionMask = 2147483647;
			files = (
				100000000000000000000010 /* DrashUITests.swift in Sources */,
			);
			runOnlyForDeploymentPostprocessing = 0;
		};
		30000000000000000000000A /* Sources */ = {
			isa = PBXSourcesBuildPhase;
			buildActionMask = 2147483647;
			files = (
				100000000000000000000017 /* DrashWidget.swift in Sources */,
				100000000000000000000018 /* WidgetWeatherData.swift in Sources */,
			);
			runOnlyForDeploymentPostprocessing = 0;
		};
/* End PBXSourcesBuildPhase section */

/* Begin PBXTargetDependency section */
		A00000000000000000000001 /* PBXTargetDependency */ = {
			isa = PBXTargetDependency;
			target = 500000000000000000000001 /* Drash */;
			targetProxy = 900000000000000000000001 /* PBXContainerItemProxy */;
		};
		A00000000000000000000002 /* PBXTargetDependency */ = {
			isa = PBXTargetDependency;
			target = 500000000000000000000003 /* DrashWidget */;
			targetProxy = 900000000000000000000002 /* PBXContainerItemProxy */;
		};
/* End PBXTargetDependency section */

/* Begin XCBuildConfiguration section */
		800000000000000000000001 /* Debug */ = {
			isa = XCBuildConfiguration;
			buildSettings = {
				ALWAYS_SEARCH_USER_PATHS = NO;
				CLANG_ANALYZER_NONNULL = YES;
				CLANG_ENABLE_MODULES = YES;
				CLANG_ENABLE_OBJC_ARC = YES;
				DEBUG_INFORMATION_FORMAT = dwarf;
				ENABLE_TESTABILITY = YES;
				GCC_C_LANGUAGE_STANDARD = gnu17;
				GCC_OPTIMIZATION_LEVEL = 0;
				IPHONEOS_DEPLOYMENT_TARGET = 18.0;
				ONLY_ACTIVE_ARCH = YES;
				SDKROOT = iphoneos;
				SWIFT_ACTIVE_COMPILATION_CONDITIONS = DEBUG;
				SWIFT_OPTIMIZATION_LEVEL = "-Onone";
			};
			name = Debug;
		};
		800000000000000000000002 /* Release */ = {
			isa = XCBuildConfiguration;
			buildSettings = {
				ALWAYS_SEARCH_USER_PATHS = NO;
				CLANG_ANALYZER_NONNULL = YES;
				CLANG_ENABLE_MODULES = YES;
				CLANG_ENABLE_OBJC_ARC = YES;
				DEBUG_INFORMATION_FORMAT = "dwarf-with-dsym";
				GCC_C_LANGUAGE_STANDARD = gnu17;
				IPHONEOS_DEPLOYMENT_TARGET = 18.0;
				SDKROOT = iphoneos;
				SWIFT_COMPILATION_MODE = wholemodule;
				SWIFT_OPTIMIZATION_LEVEL = "-O";
				VALIDATE_PRODUCT = YES;
			};
			name = Release;
		};
		800000000000000000000003 /* Debug */ = {
			isa = XCBuildConfiguration;
			buildSettings = {
				ASSETCATALOG_COMPILER_APPICON_NAME = AppIcon;
				CODE_SIGN_ENTITLEMENTS = Drash/Drash.entitlements;
				CODE_SIGN_STYLE = Automatic;
				CURRENT_PROJECT_VERSION = 1;
				DEVELOPMENT_TEAM = 99C9Y27595;
				GENERATE_INFOPLIST_FILE = NO;
				INFOPLIST_FILE = Drash/Info.plist;
				LD_RUNPATH_SEARCH_PATHS = (
					"$(inherited)",
					"@executable_path/Frameworks",
				);
				MARKETING_VERSION = 0.0.7;
				PRODUCT_BUNDLE_IDENTIFIER = com.tgillis.Drash;
				PRODUCT_NAME = "$(TARGET_NAME)";
				SUPPORTED_PLATFORMS = "iphoneos iphonesimulator";
				SUPPORTS_MACCATALYST = NO;
				SWIFT_EMIT_LOC_STRINGS = YES;
				SWIFT_VERSION = 5.0;
				TARGETED_DEVICE_FAMILY = "1,2";
			};
			name = Debug;
		};
		800000000000000000000004 /* Release */ = {
			isa = XCBuildConfiguration;
			buildSettings = {
				ASSETCATALOG_COMPILER_APPICON_NAME = AppIcon;
				CODE_SIGN_ENTITLEMENTS = Drash/DrashCloud.entitlements;
				CODE_SIGN_STYLE = Automatic;
				CURRENT_PROJECT_VERSION = 1;
				DEVELOPMENT_TEAM = 99C9Y27595;
				GENERATE_INFOPLIST_FILE = NO;
				INFOPLIST_FILE = Drash/Info.plist;
				LD_RUNPATH_SEARCH_PATHS = (
					"$(inherited)",
					"@executable_path/Frameworks",
				);
				MARKETING_VERSION = 0.0.7;
				PRODUCT_BUNDLE_IDENTIFIER = com.tgillis.Drash;
				PRODUCT_NAME = "$(TARGET_NAME)";
				SUPPORTED_PLATFORMS = "iphoneos iphonesimulator";
				SUPPORTS_MACCATALYST = NO;
				SWIFT_ACTIVE_COMPILATION_CONDITIONS = ICLOUD_SYNC_ENABLED;
				SWIFT_EMIT_LOC_STRINGS = YES;
				SWIFT_VERSION = 5.0;
				TARGETED_DEVICE_FAMILY = "1,2";
			};
			name = Release;
		};
		800000000000000000000005 /* Debug */ = {
			isa = XCBuildConfiguration;
			buildSettings = {
				CODE_SIGN_STYLE = Automatic;
				CURRENT_PROJECT_VERSION = 1;
				GENERATE_INFOPLIST_FILE = YES;
				IPHONEOS_DEPLOYMENT_TARGET = 18.0;
				MARKETING_VERSION = 0.0.7;
				PRODUCT_BUNDLE_IDENTIFIER = com.example.DrashUITests;
				PRODUCT_NAME = "$(TARGET_NAME)";
				SUPPORTED_PLATFORMS = "iphoneos iphonesimulator";
				SWIFT_VERSION = 5.0;
				TARGETED_DEVICE_FAMILY = "1,2";
				TEST_TARGET_NAME = Drash;
			};
			name = Debug;
		};
		800000000000000000000006 /* Release */ = {
			isa = XCBuildConfiguration;
			buildSettings = {
				CODE_SIGN_STYLE = Automatic;
				CURRENT_PROJECT_VERSION = 1;
				GENERATE_INFOPLIST_FILE = YES;
				IPHONEOS_DEPLOYMENT_TARGET = 18.0;
				MARKETING_VERSION = 0.0.7;
				PRODUCT_BUNDLE_IDENTIFIER = com.example.DrashUITests;
				PRODUCT_NAME = "$(TARGET_NAME)";
				SUPPORTED_PLATFORMS = "iphoneos iphonesimulator";
				SWIFT_VERSION = 5.0;
				TARGETED_DEVICE_FAMILY = "1,2";
				TEST_TARGET_NAME = Drash;
			};
			name = Release;
		};
		800000000000000000000007 /* Debug */ = {
			isa = XCBuildConfiguration;
			buildSettings = {
				APPLICATION_EXTENSION_API_ONLY = YES;
				CODE_SIGN_ENTITLEMENTS = DrashWidget/DrashWidget.entitlements;
				CODE_SIGN_STYLE = Automatic;
				CURRENT_PROJECT_VERSION = 1;
				DEVELOPMENT_TEAM = 99C9Y27595;
				GENERATE_INFOPLIST_FILE = NO;
				INFOPLIST_FILE = DrashWidget/Info.plist;
				LD_RUNPATH_SEARCH_PATHS = (
					"$(inherited)",
					"@executable_path/Frameworks",
					"@executable_path/../../Frameworks",
				);
				MARKETING_VERSION = 0.0.7;
				PRODUCT_BUNDLE_IDENTIFIER = com.tgillis.Drash.widget;
				PRODUCT_NAME = "$(TARGET_NAME)";
				SKIP_INSTALL = YES;
				SUPPORTED_PLATFORMS = "iphoneos iphonesimulator";
				SUPPORTS_MACCATALYST = NO;
				SWIFT_EMIT_LOC_STRINGS = YES;
				SWIFT_VERSION = 5.0;
				TARGETED_DEVICE_FAMILY = "1,2";
			};
			name = Debug;
		};
		800000000000000000000008 /* Release */ = {
			isa = XCBuildConfiguration;
			buildSettings = {
				APPLICATION_EXTENSION_API_ONLY = YES;
				CODE_SIGN_ENTITLEMENTS = DrashWidget/DrashWidget.entitlements;
				CODE_SIGN_STYLE = Automatic;
				CURRENT_PROJECT_VERSION = 1;
				DEVELOPMENT_TEAM = 99C9Y27595;
				GENERATE_INFOPLIST_FILE = NO;
				INFOPLIST_FILE = DrashWidget/Info.plist;
				LD_RUNPATH_SEARCH_PATHS = (
					"$(inherited)",
					"@executable_path/Frameworks",
					"@executable_path/../../Frameworks",
				);
				MARKETING_VERSION = 0.0.7;
				PRODUCT_BUNDLE_IDENTIFIER = com.tgillis.Drash.widget;
				PRODUCT_NAME = "$(TARGET_NAME)";
				SKIP_INSTALL = YES;
				SUPPORTED_PLATFORMS = "iphoneos iphonesimulator";
				SUPPORTS_MACCATALYST = NO;
				SWIFT_EMIT_LOC_STRINGS = YES;
				SWIFT_VERSION = 5.0;
				TARGETED_DEVICE_FAMILY = "1,2";
			};
			name = Release;
		};
/* End XCBuildConfiguration section */

/* Begin XCConfigurationList section */
		600000000000000000000001 /* Build configuration list for PBXProject "Drash" */ = {
			isa = XCConfigurationList;
			buildConfigurations = (
				800000000000000000000001 /* Debug */,
				800000000000000000000002 /* Release */,
			);
			defaultConfigurationIsVisible = 0;
			defaultConfigurationName = Release;
		};
		600000000000000000000002 /* Build configuration list for PBXNativeTarget "Drash" */ = {
			isa = XCConfigurationList;
			buildConfigurations = (
				800000000000000000000003 /* Debug */,
				800000000000000000000004 /* Release */,
			);
			defaultConfigurationIsVisible = 0;
			defaultConfigurationName = Release;
		};
		600000000000000000000003 /* Build configuration list for PBXNativeTarget "DrashUITests" */ = {
			isa = XCConfigurationList;
			buildConfigurations = (
				800000000000000000000005 /* Debug */,
				800000000000000000000006 /* Release */,
			);
			defaultConfigurationIsVisible = 0;
			defaultConfigurationName = Release;
		};
		600000000000000000000004 /* Build configuration list for PBXNativeTarget "DrashWidget" */ = {
			isa = XCConfigurationList;
			buildConfigurations = (
				800000000000000000000007 /* Debug */,
				800000000000000000000008 /* Release */,
			);
			defaultConfigurationIsVisible = 0;
			defaultConfigurationName = Release;
		};
/* End XCConfigurationList section */
	};
	rootObject = 700000000000000000000001 /* Project object */;
}
